
Microsoft Visual Studio Solution File, Format Version 12.00
# Visual Studio Version 17
VisualStudioVersion = 17.1.32127.271
MinimumVisualStudioVersion = 10.0.40219.1
Project("{8BC9CEB8-8B4A-11D0-8D11-00A0C91BC942}") = "1098 岩洞施工", "1098 岩洞施工.vcxproj", "{8BB2BA46-C0F4-4E67-91AF-B6BDA12EABF9}"
EndProject
Global
	GlobalSection(SolutionConfigurationPlatforms) = preSolution
		Debug|x64 = Debug|x64
		Debug|x86 = Debug|x86
		Release|x64 = Release|x64
		Release|x86 = Release|x86
	EndGlobalSection
	GlobalSection(ProjectConfigurationPlatforms) = postSolution
		{8BB2BA46-C0F4-4E67-91AF-B6BDA12EABF9}.Debug|x64.ActiveCfg = Debug|x64
		{8BB2BA46-C0F4-4E67-91AF-B6BDA12EABF9}.Debug|x64.Build.0 = Debug|x64
		{8BB2BA46-C0F4-4E67-91AF-B6BDA12EABF9}.Debug|x86.ActiveCfg = Debug|Win32
		{8BB2BA46-C0F4-4E67-91AF-B6BDA12EABF9}.Debug|x86.Build.0 = Debug|Win32
		{8BB2BA46-C0F4-4E67-91AF-B6BDA12EABF9}.Release|x64.ActiveCfg = Release|x64
		{8BB2BA46-C0F4-4E67-91AF-B6BDA12EABF9}.Release|x64.Build.0 = Release|x64
		{8BB2BA46-C0F4-4E67-91AF-B6BDA12EABF9}.Release|x86.ActiveCfg = Release|Win32
		{8BB2BA46-C0F4-4E67-91AF-B6BDA12EABF9}.Release|x86.Build.0 = Release|Win32
	EndGlobalSection
	GlobalSection(SolutionProperties) = preSolution
		HideSolutionNode = FALSE
	EndGlobalSection
	GlobalSection(ExtensibilityGlobals) = postSolution
		SolutionGuid = {5C3B14E1-A938-4CF9-8C0E-6A13743ED9A5}
	EndGlobalSection
EndGlobal
