
Microsoft Visual Studio Solution File, Format Version 12.00
# Visual Studio Version 17
VisualStudioVersion = 17.0.31612.314
MinimumVisualStudioVersion = 10.0.40219.1
Project("{8BC9CEB8-8B4A-11D0-8D11-00A0C91BC942}") = "1054 The Dominant Color", "1054 The Dominant Color.vcxproj", "{8346915C-2D34-487E-A950-43E32F369D4C}"
EndProject
Global
	GlobalSection(SolutionConfigurationPlatforms) = preSolution
		Debug|x64 = Debug|x64
		Debug|x86 = Debug|x86
		Release|x64 = Release|x64
		Release|x86 = Release|x86
	EndGlobalSection
	GlobalSection(ProjectConfigurationPlatforms) = postSolution
		{8346915C-2D34-487E-A950-43E32F369D4C}.Debug|x64.ActiveCfg = Debug|x64
		{8346915C-2D34-487E-A950-43E32F369D4C}.Debug|x64.Build.0 = Debug|x64
		{8346915C-2D34-487E-A950-43E32F369D4C}.Debug|x86.ActiveCfg = Debug|Win32
		{8346915C-2D34-487E-A950-43E32F369D4C}.Debug|x86.Build.0 = Debug|Win32
		{8346915C-2D34-487E-A950-43E32F369D4C}.Release|x64.ActiveCfg = Release|x64
		{8346915C-2D34-487E-A950-43E32F369D4C}.Release|x64.Build.0 = Release|x64
		{8346915C-2D34-487E-A950-43E32F369D4C}.Release|x86.ActiveCfg = Release|Win32
		{8346915C-2D34-487E-A950-43E32F369D4C}.Release|x86.Build.0 = Release|Win32
	EndGlobalSection
	GlobalSection(SolutionProperties) = preSolution
		HideSolutionNode = FALSE
	EndGlobalSection
	GlobalSection(ExtensibilityGlobals) = postSolution
		SolutionGuid = {570C355D-0B1D-4991-A348-359C73D9AA0D}
	EndGlobalSection
EndGlobal
