
Microsoft Visual Studio Solution File, Format Version 12.00
# Visual Studio Version 17
VisualStudioVersion = 17.2.32317.152
MinimumVisualStudioVersion = 10.0.40219.1
Project("{8BC9CEB8-8B4A-11D0-8D11-00A0C91BC942}") = "1015", "1015.vcxproj", "{AD187714-B889-44B5-84B4-576A9D55B87C}"
EndProject
Global
	GlobalSection(SolutionConfigurationPlatforms) = preSolution
		Debug|x64 = Debug|x64
		Debug|x86 = Debug|x86
		Release|x64 = Release|x64
		Release|x86 = Release|x86
	EndGlobalSection
	GlobalSection(ProjectConfigurationPlatforms) = postSolution
		{AD187714-B889-44B5-84B4-576A9D55B87C}.Debug|x64.ActiveCfg = Debug|x64
		{AD187714-B889-44B5-84B4-576A9D55B87C}.Debug|x64.Build.0 = Debug|x64
		{AD187714-B889-44B5-84B4-576A9D55B87C}.Debug|x86.ActiveCfg = Debug|Win32
		{AD187714-B889-44B5-84B4-576A9D55B87C}.Debug|x86.Build.0 = Debug|Win32
		{AD187714-B889-44B5-84B4-576A9D55B87C}.Release|x64.ActiveCfg = Release|x64
		{AD187714-B889-44B5-84B4-576A9D55B87C}.Release|x64.Build.0 = Release|x64
		{AD187714-B889-44B5-84B4-576A9D55B87C}.Release|x86.ActiveCfg = Release|Win32
		{AD187714-B889-44B5-84B4-576A9D55B87C}.Release|x86.Build.0 = Release|Win32
	EndGlobalSection
	GlobalSection(SolutionProperties) = preSolution
		HideSolutionNode = FALSE
	EndGlobalSection
	GlobalSection(ExtensibilityGlobals) = postSolution
		SolutionGuid = {AD1C0A80-F92F-43CC-A84F-9D230B951BF1}
	EndGlobalSection
EndGlobal
