
Microsoft Visual Studio Solution File, Format Version 12.00
# Visual Studio Version 17
VisualStudioVersion = 17.0.31717.71
MinimumVisualStudioVersion = 10.0.40219.1
Project("{8BC9CEB8-8B4A-11D0-8D11-00A0C91BC942}") = "1084 外观数列 (20 分)", "1084 外观数列 (20 分).vcxproj", "{FA932F4C-7BAF-4DDA-B376-5206BD5197AE}"
EndProject
Global
	GlobalSection(SolutionConfigurationPlatforms) = preSolution
		Debug|x64 = Debug|x64
		Debug|x86 = Debug|x86
		Release|x64 = Release|x64
		Release|x86 = Release|x86
	EndGlobalSection
	GlobalSection(ProjectConfigurationPlatforms) = postSolution
		{FA932F4C-7BAF-4DDA-B376-5206BD5197AE}.Debug|x64.ActiveCfg = Debug|x64
		{FA932F4C-7BAF-4DDA-B376-5206BD5197AE}.Debug|x64.Build.0 = Debug|x64
		{FA932F4C-7BAF-4DDA-B376-5206BD5197AE}.Debug|x86.ActiveCfg = Debug|Win32
		{FA932F4C-7BAF-4DDA-B376-5206BD5197AE}.Debug|x86.Build.0 = Debug|Win32
		{FA932F4C-7BAF-4DDA-B376-5206BD5197AE}.Release|x64.ActiveCfg = Release|x64
		{FA932F4C-7BAF-4DDA-B376-5206BD5197AE}.Release|x64.Build.0 = Release|x64
		{FA932F4C-7BAF-4DDA-B376-5206BD5197AE}.Release|x86.ActiveCfg = Release|Win32
		{FA932F4C-7BAF-4DDA-B376-5206BD5197AE}.Release|x86.Build.0 = Release|Win32
	EndGlobalSection
	GlobalSection(SolutionProperties) = preSolution
		HideSolutionNode = FALSE
	EndGlobalSection
	GlobalSection(ExtensibilityGlobals) = postSolution
		SolutionGuid = {9EC254BB-D399-4CFD-B1E0-FB04A2E2CFE1}
	EndGlobalSection
EndGlobal
