
Microsoft Visual Studio Solution File, Format Version 12.00
# Visual Studio Version 17
VisualStudioVersion = 17.2.32317.152
MinimumVisualStudioVersion = 10.0.40219.1
Project("{8BC9CEB8-8B4A-11D0-8D11-00A0C91BC942}") = "1151", "1151.vcxproj", "{ACB54246-1DEF-419A-8520-5A35AF6DF73A}"
EndProject
Global
	GlobalSection(SolutionConfigurationPlatforms) = preSolution
		Debug|x64 = Debug|x64
		Debug|x86 = Debug|x86
		Release|x64 = Release|x64
		Release|x86 = Release|x86
	EndGlobalSection
	GlobalSection(ProjectConfigurationPlatforms) = postSolution
		{ACB54246-1DEF-419A-8520-5A35AF6DF73A}.Debug|x64.ActiveCfg = Debug|x64
		{ACB54246-1DEF-419A-8520-5A35AF6DF73A}.Debug|x64.Build.0 = Debug|x64
		{ACB54246-1DEF-419A-8520-5A35AF6DF73A}.Debug|x86.ActiveCfg = Debug|Win32
		{ACB54246-1DEF-419A-8520-5A35AF6DF73A}.Debug|x86.Build.0 = Debug|Win32
		{ACB54246-1DEF-419A-8520-5A35AF6DF73A}.Release|x64.ActiveCfg = Release|x64
		{ACB54246-1DEF-419A-8520-5A35AF6DF73A}.Release|x64.Build.0 = Release|x64
		{ACB54246-1DEF-419A-8520-5A35AF6DF73A}.Release|x86.ActiveCfg = Release|Win32
		{ACB54246-1DEF-419A-8520-5A35AF6DF73A}.Release|x86.Build.0 = Release|Win32
	EndGlobalSection
	GlobalSection(SolutionProperties) = preSolution
		HideSolutionNode = FALSE
	EndGlobalSection
	GlobalSection(ExtensibilityGlobals) = postSolution
		SolutionGuid = {48A9348A-E51D-4CA9-AF1A-742260AB7B9F}
	EndGlobalSection
EndGlobal
