
Microsoft Visual Studio Solution File, Format Version 12.00
# Visual Studio Version 17
VisualStudioVersion = 17.1.32104.313
MinimumVisualStudioVersion = 10.0.40219.1
Project("{8BC9CEB8-8B4A-11D0-8D11-00A0C91BC942}") = "1048 Find Coins", "1048 Find Coins.vcxproj", "{20F08278-1A73-4345-8850-11429234CE1A}"
EndProject
Global
	GlobalSection(SolutionConfigurationPlatforms) = preSolution
		Debug|x64 = Debug|x64
		Debug|x86 = Debug|x86
		Release|x64 = Release|x64
		Release|x86 = Release|x86
	EndGlobalSection
	GlobalSection(ProjectConfigurationPlatforms) = postSolution
		{20F08278-1A73-4345-8850-11429234CE1A}.Debug|x64.ActiveCfg = Debug|x64
		{20F08278-1A73-4345-8850-11429234CE1A}.Debug|x64.Build.0 = Debug|x64
		{20F08278-1A73-4345-8850-11429234CE1A}.Debug|x86.ActiveCfg = Debug|Win32
		{20F08278-1A73-4345-8850-11429234CE1A}.Debug|x86.Build.0 = Debug|Win32
		{20F08278-1A73-4345-8850-11429234CE1A}.Release|x64.ActiveCfg = Release|x64
		{20F08278-1A73-4345-8850-11429234CE1A}.Release|x64.Build.0 = Release|x64
		{20F08278-1A73-4345-8850-11429234CE1A}.Release|x86.ActiveCfg = Release|Win32
		{20F08278-1A73-4345-8850-11429234CE1A}.Release|x86.Build.0 = Release|Win32
	EndGlobalSection
	GlobalSection(SolutionProperties) = preSolution
		HideSolutionNode = FALSE
	EndGlobalSection
	GlobalSection(ExtensibilityGlobals) = postSolution
		SolutionGuid = {E99B1A45-6A1A-4F7B-83CE-FB46B1242E8D}
	EndGlobalSection
EndGlobal
